PODS:
  - XLPagerTabStrip (8.1.0)

DEPENDENCIES:
  - XLPagerTabStrip

SPEC REPOS:
  https://github.com/CocoaPods/Specs.git:
    - XLPagerTabStrip

SPEC CHECKSUMS:
  XLPagerTabStrip: 22d4c58200d7c105e0e407ab6bfd01a5d85014be

PODFILE CHECKSUM: 1d0f6ba7cad0cc38f4de73cb50ea375279338a21

COCOAPODS: 1.5.0
